{
    "_readme": [
        "This file locks the dependencies of your project to a known state",
        "Read more about it at https://getcomposer.org/doc/01-basic-usage.md#installing-dependencies",
        "This file is @generated automatically"
    ],
    "content-hash": "eb59187bcd5f24ac3dcfa7fccb6187d2",
    "packages": [
        {
            "name": "symplify/easy-coding-standard",
            "version": "13.2.7",
            "source": {
                "type": "git",
                "url": "https://github.com/ecsphp/ecs.git",
                "reference": "735c742244ae3b3b067d5aae3d1dd4b7a48759f7"
            },
            "dist": {
                "type": "zip",
                "url": "https://api.github.com/repos/ecsphp/ecs/zipball/735c742244ae3b3b067d5aae3d1dd4b7a48759f7",
                "reference": "735c742244ae3b3b067d5aae3d1dd4b7a48759f7",
                "shasum": ""
            },
            "require": {
                "php": ">=7.2"
            },
            "conflict": {
                "friendsofphp/php-cs-fixer": "<3.95.1",
                "phpcsstandards/php_codesniffer": "<4.0.1",
                "symplify/coding-standard": "<13.0"
            },
            "suggest": {
                "ext-dom": "Needed to support checkstyle output format in class CheckstyleOutputFormatter"
            },
            "bin": [
                "bin/ecs"
            ],
            "type": "library",
            "autoload": {
                "files": [
                    "bootstrap.php"
                ]
            },
            "notification-url": "https://packagist.org/downloads/",
            "license": [
                "MIT"
            ],
            "description": "Use Coding Standard with 0-knowledge of PHP-CS-Fixer and PHP_CodeSniffer",
            "keywords": [
                "Code style",
                "automation",
                "fixer",
                "static analysis"
            ],
            "support": {
                "source": "https://github.com/ecsphp/ecs/tree/13.2.7"
            },
            "time": "2026-07-11T07:53:39+00:00"
        }
    ],
    "packages-dev": [],
    "aliases": [],
    "minimum-stability": "stable",
    "stability-flags": {},
    "prefer-stable": false,
    "prefer-lowest": false,
    "platform": {},
    "platform-dev": {},
    "plugin-api-version": "2.9.0"
}
